# This file is automatically @generated by Poetry 1.8.3 and should not be changed by hand.

[[package]]
name = "freezefs"
version = "2.4"
description = "freezefs - Create self-mounting or self-extracting compressed archives for MicroPython"
optional = false
python-versions = ">=3.9"
files = [
    {file = "freezefs-2.4-py3-none-any.whl", hash = "sha256:3718e95ab392e940f2e87e591283d519e54087ce6bcf39c96438f1e919068a8c"},
]

[[package]]
name = "micropython-esp32-stubs"
version = "1.23.0.post1"
description = "MicroPython stubs"
optional = false
python-versions = "<4.0,>=3.8"
files = [
    {file = "micropython_esp32_stubs-1.23.0.post1-py3-none-any.whl", hash = "sha256:3d45962d3e6b43f35324fec3e3b29cbf2d2be2c1acc91971c596088df55a5247"},
    {file = "micropython_esp32_stubs-1.23.0.post1.tar.gz", hash = "sha256:d1cd938029b1eb7f19ea7eb1a996fcec33f6fd98b5fcf73ccd26d7d282d6d537"},
]

[package.dependencies]
micropython-stdlib-stubs = ">=1.1.1"

[[package]]
name = "micropython-stdlib-stubs"
version = "1.1.2"
description = "Micropython stdlib is a reduced and augmented copy of typeshed's stdlib for use by MicroPython stub packages"
optional = false
python-versions = ">=3.8,<4.0"
files = [
    {file = "micropython_stdlib_stubs-1.1.2-py3-none-any.whl", hash = "sha256:a455a01a5d7700ef99124072d94c967d5123778512260d87679e47e57f81e3d8"},
    {file = "micropython_stdlib_stubs-1.1.2.tar.gz", hash = "sha256:0e20e044f24b7f5d67205fd08780aa4ca0ea3741e4d14406ff7dca1ed8364f49"},
]

[[package]]
name = "scapy"
version = "2.5.0"
description = "Scapy: interactive packet manipulation tool"
optional = false
python-versions = ">=2.7, !=3.0.*, !=3.1.*, !=3.2.*, !=3.3.*, <4"
files = [
    {file = "scapy-2.5.0.tar.gz", hash = "sha256:5b260c2b754fd8d409ba83ee7aee294ecdbb2c235f9f78fe90bc11cb6e5debc2"},
]

[package.extras]
basic = ["ipython"]
complete = ["cryptography (>=2.0)", "ipython", "matplotlib", "pyx"]
docs = ["sphinx (>=3.0.0)", "sphinx_rtd_theme (>=0.4.3)", "tox (>=3.0.0)"]

[metadata]
lock-version = "2.0"
python-versions = "^3.11"
content-hash = "7dd932f41a2eb4ec33162422a17f3285524d6a44751ece42d5cc4e38324e4891"
